<Solution>
  <Project Path="Assembly-CSharp.csproj" />
  <Project Path="UnityEngine.InputSystem.Samples.UIvsGameInput.csproj" />
  <Project Path="Unity.InputSystem.Recorder.csproj" />
  <Project Path="Unity.InputSystem.InGameHints.csproj" />
  <Project Path="InputSystem.Samples.Visualizers.csproj" />
  <Project Path="Unity.InputSystem.RebindingUI.csproj" />
</Solution>
